github.com/google/go-cmp v0.7.0 h1:wk8382ETsv4JYUZwIsn6YpYiWiBsYLSJiTsyBybVuN8=
github.com/google/go-cmp v0.7.0/go.mod h1:pXiqmnSA92OHEEa9HXL2W4E7lf9JzCmGVUdgjX3N/iU=
github.com/zerfoo/float16 v0.2.0 h1:5U//Bxzp5nWogOpVa1H7ik4SGx9H5EVGdZeREP83NpE=
github.com/zerfoo/float16 v0.2.0/go.mod h1:2x2TSUN8sIoaijvE0wN9jk8ZQP/EX9i4Rohx56tqcfM=
github.com/zerfoo/float8 v0.2.0 h1:BNCIWZOY/9WYs4bn6hu7MY2tuChz+6K6O2dChuKMUeg=
github.com/zerfoo/float8 v0.2.0/go.mod h1:c4BhjOqt3H+jq6iRhNd3anLmXRDLuIsJGoswscWFPvw=
github.com/zerfoo/ztensor v0.2.0 h1:Y3rcJZ8vkuLehoR8yth15WkF1/zoL0D6oWomrNOa534=
github.com/zerfoo/ztensor v0.2.0/go.mod h1:6nj8x9hcZjLzJHhnwBx9po0OW4hB6nDZuG08SAP0Cc0=
github.com/zerfoo/ztensor v0.2.1-0.20260317005007-0b9b18a44512 h1:wth0nRQdqhmEoRO+VYFK3FEXhiISNB6kxBQ7Dh2/91g=
github.com/zerfoo/ztensor v0.2.1-0.20260317005007-0b9b18a44512/go.mod h1:6nj8x9hcZjLzJHhnwBx9po0OW4hB6nDZuG08SAP0Cc0=
github.com/zerfoo/ztensor v0.2.1-0.20260317012905-e5f9ce00af6c h1:YJaKUhd0//TTWLFgA0gcLu8MsGuuf1tvIYOqPndsOPQ=
github.com/zerfoo/ztensor v0.2.1-0.20260317012905-e5f9ce00af6c/go.mod h1:6nj8x9hcZjLzJHhnwBx9po0OW4hB6nDZuG08SAP0Cc0=
github.com/zerfoo/ztensor v0.2.1-0.20260317033341-bf569a30125e h1:/GiHLA2sO180uSZgrZMpIIkRrQPBbep8CLHLp5ga6M8=
github.com/zerfoo/ztensor v0.2.1-0.20260317033341-bf569a30125e/go.mod h1:6nj8x9hcZjLzJHhnwBx9po0OW4hB6nDZuG08SAP0Cc0=
github.com/zerfoo/ztensor v0.2.1-0.20260317034454-a7e361cefdbd h1:OymdPLMVnef2Jc8ic9PriyXQBw9Wgvpfwf+vFE/rEXc=
github.com/zerfoo/ztensor v0.2.1-0.20260317034454-a7e361cefdbd/go.mod h1:6nj8x9hcZjLzJHhnwBx9po0OW4hB6nDZuG08SAP0Cc0=
github.com/zerfoo/ztensor v0.2.1-0.20260317035200-dafb96e46fbd h1:bCq8BmlfIaqXJ2NEEaSDjfyX7uZ34ogNvMVkQWtqYd8=
github.com/zerfoo/ztensor v0.2.1-0.20260317035200-dafb96e46fbd/go.mod h1:6nj8x9hcZjLzJHhnwBx9po0OW4hB6nDZuG08SAP0Cc0=
github.com/zerfoo/ztensor v0.2.1-0.20260317051538-4d4bd8d646b5 h1:RaAYWHidcOPFtmmK7jVsqL7JTYqms6uPSaSH8o8NGN0=
github.com/zerfoo/ztensor v0.2.1-0.20260317051538-4d4bd8d646b5/go.mod h1:6nj8x9hcZjLzJHhnwBx9po0OW4hB6nDZuG08SAP0Cc0=
github.com/zerfoo/ztensor v0.2.1-0.20260317150030-d893b9c3ceb3 h1:QUv9V5oAS6JJlOTKz8pP59baaNUWZR8xVOH3OOoRSTw=
github.com/zerfoo/ztensor v0.2.1-0.20260317150030-d893b9c3ceb3/go.mod h1:6nj8x9hcZjLzJHhnwBx9po0OW4hB6nDZuG08SAP0Cc0=
github.com/zerfoo/ztensor v0.2.1-0.20260317152959-7da340779983 h1:PjniKmdThIXknUSLnJmWLQpUSRu5zTUYf3XY+JQwkwk=
github.com/zerfoo/ztensor v0.2.1-0.20260317152959-7da340779983/go.mod h1:6nj8x9hcZjLzJHhnwBx9po0OW4hB6nDZuG08SAP0Cc0=
github.com/zerfoo/ztensor v0.2.1-0.20260317153351-e43f03f886b5 h1:2DrCM2PWrGmz0qkz6pwPEyH7tlzNrznM9EQpQct0In8=
github.com/zerfoo/ztensor v0.2.1-0.20260317153351-e43f03f886b5/go.mod h1:6nj8x9hcZjLzJHhnwBx9po0OW4hB6nDZuG08SAP0Cc0=
github.com/zerfoo/ztensor v0.2.1-0.20260317153554-7ae27caa0147 h1:Ee899mwHgdZmQS6dJTVtyWfjbAUl/Bd6iikF+AJsqEo=
github.com/zerfoo/ztensor v0.2.1-0.20260317153554-7ae27caa0147/go.mod h1:6nj8x9hcZjLzJHhnwBx9po0OW4hB6nDZuG08SAP0Cc0=
github.com/zerfoo/ztensor v0.2.1-0.20260317161525-39c77c94dd16 h1:wIk4y+2/PB8zlQZWQ5LPBfkzCf5vQfNikkBWB2gcE64=
github.com/zerfoo/ztensor v0.2.1-0.20260317161525-39c77c94dd16/go.mod h1:6nj8x9hcZjLzJHhnwBx9po0OW4hB6nDZuG08SAP0Cc0=
github.com/zerfoo/ztensor v0.2.1-0.20260317163316-880b50ec4fee h1:7VG8bfvEqwh+VFZEQ9th4sBlJ3DIWaity7ygETHuZJo=
github.com/zerfoo/ztensor v0.2.1-0.20260317163316-880b50ec4fee/go.mod h1:6nj8x9hcZjLzJHhnwBx9po0OW4hB6nDZuG08SAP0Cc0=
github.com/zerfoo/ztensor v0.2.1-0.20260317164332-adb6e1cc0fb3 h1:HOGW80nR0i82faC356p8CKBncpb3f/CzjdiH7XNPCSo=
github.com/zerfoo/ztensor v0.2.1-0.20260317164332-adb6e1cc0fb3/go.mod h1:6nj8x9hcZjLzJHhnwBx9po0OW4hB6nDZuG08SAP0Cc0=
github.com/zerfoo/ztensor v0.2.1-0.20260317165605-9c11a3b81bb6 h1:0jipmBaHeVGtSMIqW1J6ShbN/8SA3KL1gDZ0MvE3ecg=
github.com/zerfoo/ztensor v0.2.1-0.20260317165605-9c11a3b81bb6/go.mod h1:6nj8x9hcZjLzJHhnwBx9po0OW4hB6nDZuG08SAP0Cc0=
github.com/zerfoo/ztensor v0.2.1-0.20260317170044-2decc0864b30 h1:sBF5g9gkgM9wxHSAelQjkTC20iMQ/svkT9XSC8SusRE=
github.com/zerfoo/ztensor v0.2.1-0.20260317170044-2decc0864b30/go.mod h1:6nj8x9hcZjLzJHhnwBx9po0OW4hB6nDZuG08SAP0Cc0=
github.com/zerfoo/ztensor v0.2.1-0.20260317170541-a38af9a20297 h1:lDoOgMJO8cDWkvkb8AuWuDjmbZI151edP6Rzb4adZCg=
github.com/zerfoo/ztensor v0.2.1-0.20260317170541-a38af9a20297/go.mod h1:6nj8x9hcZjLzJHhnwBx9po0OW4hB6nDZuG08SAP0Cc0=
github.com/zerfoo/ztensor v0.2.1-0.20260317170845-f6faf2a3713a h1:NolwpQOKHYrsvYDCrW8f/IDyalRSxAG4blQxpPlnZHA=
github.com/zerfoo/ztensor v0.2.1-0.20260317170845-f6faf2a3713a/go.mod h1:6nj8x9hcZjLzJHhnwBx9po0OW4hB6nDZuG08SAP0Cc0=
github.com/zerfoo/ztensor v0.2.1-0.20260317172051-e6a6e30f2288 h1:gzl8INpLqL0Gxp0Ca6u7emQR+62x1p8nQTBR6YOSttQ=
github.com/zerfoo/ztensor v0.2.1-0.20260317172051-e6a6e30f2288/go.mod h1:6nj8x9hcZjLzJHhnwBx9po0OW4hB6nDZuG08SAP0Cc0=
github.com/zerfoo/ztensor v0.2.1-0.20260317172416-990b82b743ed h1:VPFs7UCavZvWA0VXyXTnOnVkJM2I0yuQyylUOT11UKs=
github.com/zerfoo/ztensor v0.2.1-0.20260317172416-990b82b743ed/go.mod h1:6nj8x9hcZjLzJHhnwBx9po0OW4hB6nDZuG08SAP0Cc0=
github.com/zerfoo/ztensor v0.2.1-0.20260317172706-e4d4613b10de h1:M7piB8mFNrHA2G/QYdxggoSO4jfVWJLqsyvQBw/X/y8=
github.com/zerfoo/ztensor v0.2.1-0.20260317172706-e4d4613b10de/go.mod h1:6nj8x9hcZjLzJHhnwBx9po0OW4hB6nDZuG08SAP0Cc0=
github.com/zerfoo/ztensor v0.2.1-0.20260317173101-dfca6192d054 h1:Yi+9/VBCmkScTv1Qwamlc6ys8yPV82CISONRAHZb6Ck=
github.com/zerfoo/ztensor v0.2.1-0.20260317173101-dfca6192d054/go.mod h1:6nj8x9hcZjLzJHhnwBx9po0OW4hB6nDZuG08SAP0Cc0=
github.com/zerfoo/ztensor v0.2.1-0.20260317173442-2cc6cc3e8330 h1:aWK2aFBT1HepIKGTqYscoANGBv1fFcweQJqAw4CyYpc=
github.com/zerfoo/ztensor v0.2.1-0.20260317173442-2cc6cc3e8330/go.mod h1:6nj8x9hcZjLzJHhnwBx9po0OW4hB6nDZuG08SAP0Cc0=
github.com/zerfoo/ztensor v0.2.1-0.20260317210947-aa0541bb7737 h1:QLoGre+GaU1mr53heKeE1rWedid1JoXyPORuf6sBmZs=
github.com/zerfoo/ztensor v0.2.1-0.20260317210947-aa0541bb7737/go.mod h1:6nj8x9hcZjLzJHhnwBx9po0OW4hB6nDZuG08SAP0Cc0=
github.com/zerfoo/ztoken v0.2.0 h1:b+ktFCWzN6fa9RL0CRwIsjnbTlxzp6B6FQUcKuFki2s=
github.com/zerfoo/ztoken v0.2.0/go.mod h1:XIkfp6+ALQcJ/q00t1AUnlKv6EiKrFiG7q8rElRp8TI=
golang.org/x/net v0.25.0 h1:d/OCCoBEUq33pjydKrGQhw7IlUPI2Oylr+8qLx49kac=
golang.org/x/net v0.25.0/go.mod h1:JkAGAh7GEvH74S6FOH42FLoXpXbE/aqXSrIQjXgsiwM=
golang.org/x/sys v0.21.0 h1:rF+pYz3DAGSQAxAu1CbC7catZg4ebC4UIeIhKxBZvws=
golang.org/x/sys v0.21.0/go.mod h1:/VUhepiaJMQUp4+oa/7Zr1D23ma6VTLIYjOOTFZPUcA=
golang.org/x/text v0.35.0 h1:JOVx6vVDFokkpaq1AEptVzLTpDe9KGpj5tR4/X+ybL8=
golang.org/x/text v0.35.0/go.mod h1:khi/HExzZJ2pGnjenulevKNX1W67CUy0AsXcNubPGCA=
gonum.org/v1/gonum v0.17.0 h1:VbpOemQlsSMrYmn7T2OUvQ4dqxQXU+ouZFQsZOx50z4=
gonum.org/v1/gonum v0.17.0/go.mod h1:El3tOrEuMpv2UdMrbNlKEh9vd86bmQ6vqIcDwxEOc1E=
google.golang.org/genproto/googleapis/rpc v0.0.0-20240528184218-531527333157 h1:Zy9XzmMEflZ/MAaA7vNcoebnRAld7FsPW1EeBB7V0m8=
google.golang.org/genproto/googleapis/rpc v0.0.0-20240528184218-531527333157/go.mod h1:EfXuqaE1J41VCDicxHzUDm+8rk+7ZdXzHV0IhO/I6s0=
google.golang.org/grpc v1.65.0 h1:bs/cUb4lp1G5iImFFd3u5ixQzweKizoZJAwBNLR42lc=
google.golang.org/grpc v1.65.0/go.mod h1:WgYC2ypjlB0EiQi6wdKixMqukr6lBc0Vo+oOgjrM5ZQ=
google.golang.org/protobuf v1.36.8 h1:xHScyCOEuuwZEc6UtSOvPbAT4zRh0xcNRYekJwfqyMc=
google.golang.org/protobuf v1.36.8/go.mod h1:fuxRtAxBytpl4zzqUh6/eyUujkJdNiuEkXntxiD/uRU=
